
Microsoft Visual Studio Solution File, Format Version 12.00
# Visual Studio Version 17
VisualStudioVersion = 17.4.32916.344
MinimumVisualStudioVersion = 10.0.40219.1
Project("{9A19103F-16F7-4668-BE54-9A1E7A4F7556}") = "HiLo", "HIiLo\HiLo.csproj", "{2BB2479E-E51B-45AE-8FB0-BD352616ABC8}"
EndProject
Project("{2150E333-8FDC-42A3-9474-1A3956D46DE8}") = "Solution Items", "Solution Items", "{0C6D0CAF-FC30-4315-8575-3904B1D7F6E8}"
	ProjectSection(SolutionItems) = preProject
		.editorconfig = .editorconfig
	EndProjectSection
EndProject
Global
	GlobalSection(SolutionConfigurationPlatforms) = preSolution
		Debug|Any CPU = Debug|Any CPU
		Release|Any CPU = Release|Any CPU
	EndGlobalSection
	GlobalSection(ProjectConfigurationPlatforms) = postSolution
		{2BB2479E-E51B-45AE-8FB0-BD352616ABC8}.Debug|Any CPU.ActiveCfg = Debug|Any CPU
		{2BB2479E-E51B-45AE-8FB0-BD352616ABC8}.Debug|Any CPU.Build.0 = Debug|Any CPU
		{2BB2479E-E51B-45AE-8FB0-BD352616ABC8}.Release|Any CPU.ActiveCfg = Release|Any CPU
		{2BB2479E-E51B-45AE-8FB0-BD352616ABC8}.Release|Any CPU.Build.0 = Release|Any CPU
	EndGlobalSection
	GlobalSection(SolutionProperties) = preSolution
		HideSolutionNode = FALSE
	EndGlobalSection
	GlobalSection(ExtensibilityGlobals) = postSolution
		SolutionGuid = {0FB2630D-F195-4E81-98F9-C6222D27FAB7}
	EndGlobalSection
EndGlobal
